
Microsoft Visual Studio Solution File, Format Version 12.00
# Visual Studio Version 17
VisualStudioVersion = 17.6.33815.320
MinimumVisualStudioVersion = 10.0.40219.1
Project("{9A19103F-16F7-4668-BE54-9A1E7A4F7556}") = "Cadastros.Business", "src\Cadastros.Business\Cadastros.Business.csproj", "{9EDE86CB-6F5D-45F4-88EA-1E98FF127AB9}"
EndProject
Project("{9A19103F-16F7-4668-BE54-9A1E7A4F7556}") = "Cadastros.Data", "src\Cadastros.Data\Cadastros.Data.csproj", "{B50BB705-33F2-4062-9C7A-EF589B36711F}"
EndProject
Project("{FAE04EC0-301F-11D3-BF4B-00C04F79EFBC}") = "CadastroProdutos.WebApp", "src\CadastroProdutos.WebApp\CadastroProdutos.WebApp.csproj", "{22B02C7F-50DE-4369-941D-7653761AEBF7}"
EndProject
Global
	GlobalSection(SolutionConfigurationPlatforms) = preSolution
		Debug|Any CPU = Debug|Any CPU
		Release|Any CPU = Release|Any CPU
	EndGlobalSection
	GlobalSection(ProjectConfigurationPlatforms) = postSolution
		{9EDE86CB-6F5D-45F4-88EA-1E98FF127AB9}.Debug|Any CPU.ActiveCfg = Debug|Any CPU
		{9EDE86CB-6F5D-45F4-88EA-1E98FF127AB9}.Debug|Any CPU.Build.0 = Debug|Any CPU
		{9EDE86CB-6F5D-45F4-88EA-1E98FF127AB9}.Release|Any CPU.ActiveCfg = Release|Any CPU
		{9EDE86CB-6F5D-45F4-88EA-1E98FF127AB9}.Release|Any CPU.Build.0 = Release|Any CPU
		{B50BB705-33F2-4062-9C7A-EF589B36711F}.Debug|Any CPU.ActiveCfg = Debug|Any CPU
		{B50BB705-33F2-4062-9C7A-EF589B36711F}.Debug|Any CPU.Build.0 = Debug|Any CPU
		{B50BB705-33F2-4062-9C7A-EF589B36711F}.Release|Any CPU.ActiveCfg = Release|Any CPU
		{B50BB705-33F2-4062-9C7A-EF589B36711F}.Release|Any CPU.Build.0 = Release|Any CPU
		{22B02C7F-50DE-4369-941D-7653761AEBF7}.Debug|Any CPU.ActiveCfg = Debug|Any CPU
		{22B02C7F-50DE-4369-941D-7653761AEBF7}.Debug|Any CPU.Build.0 = Debug|Any CPU
		{22B02C7F-50DE-4369-941D-7653761AEBF7}.Release|Any CPU.ActiveCfg = Release|Any CPU
		{22B02C7F-50DE-4369-941D-7653761AEBF7}.Release|Any CPU.Build.0 = Release|Any CPU
	EndGlobalSection
	GlobalSection(SolutionProperties) = preSolution
		HideSolutionNode = FALSE
	EndGlobalSection
	GlobalSection(ExtensibilityGlobals) = postSolution
		SolutionGuid = {280F4C5E-74B0-4249-88C4-9F72DB77D182}
	EndGlobalSection
EndGlobal
